lockfileVersion: 5.4

specifiers:
  '@prisma/client': ^4.8.0
  prisma: ^4.8.0
  typescript: ^4.9.4

dependencies:
  '@prisma/client': 4.8.0_prisma@4.8.0
  prisma: 4.8.0
  typescript: 4.9.4

packages:

  /@prisma/client/4.8.0_prisma@4.8.0:
    resolution: {integrity: sha512-Y1riB0p2W52kh3zgssP/YAhln3RjBFcJy3uwEiyjmU+TQYh6QTZDRFBo3JtBWuq2FyMOl1Rye8jxzUP+n0l5Cg==}
    engines: {node: '>=14.17'}
    requiresBuild: true
    peerDependencies:
      prisma: '*'
    peerDependenciesMeta:
      prisma:
        optional: true
    dependencies:
      '@prisma/engines-version': 4.8.0-61.d6e67a83f971b175a593ccc12e15c4a757f93ffe
      prisma: 4.8.0
    dev: false

  /@prisma/engines-version/4.8.0-61.d6e67a83f971b175a593ccc12e15c4a757f93ffe:
    resolution: {integrity: sha512-MHSOSexomRMom8QN4t7bu87wPPD+pa+hW9+71JnVcF3DqyyO/ycCLhRL1we3EojRpZxKvuyGho2REQsMCvxcJw==}
    dev: false

  /@prisma/engines/4.8.0:
    resolution: {integrity: sha512-A1Asn2rxZMlLAj1HTyfaCv0VQrLUv034jVay05QlqZg1qiHPeA3/pGTfNMijbsMYCsGVxfWEJuaZZuNxXGMCrA==}
    requiresBuild: true
    dev: false

  /prisma/4.8.0:
    resolution: {integrity: sha512-DWIhxvxt8f4h6MDd35mz7BJff+fu7HItW3WPDIEpCR3RzcOWyiHBbLQW5/DOgmf+pRLTjwXQob7kuTZVYUAw5w==}
    engines: {node: '>=14.17'}
    hasBin: true
    requiresBuild: true
    dependencies:
      '@prisma/engines': 4.8.0
    dev: false

  /typescript/4.9.4:
    resolution: {integrity: sha512-Uz+dTXYzxXXbsFpM86Wh3dKCxrQqUcVMxwU54orwlJjOpO3ao8L7j5lH+dWfTwgCwIuM9GQ2kvVotzYJMXTBZg==}
    engines: {node: '>=4.2.0'}
    hasBin: true
    dev: false
